
Microsoft Visual Studio Solution File, Format Version 12.00
# Visual Studio Version 17
VisualStudioVersion = 17.5.002.0
MinimumVisualStudioVersion = 10.0.40219.1
Project("{9A19103F-16F7-4668-BE54-9A1E7A4F7556}") = "Assignment 2", "Assignment 2.csproj", "{3FB8F8C3-D74E-4B32-A113-954305F0B89F}"
EndProject
Global
	GlobalSection(SolutionConfigurationPlatforms) = preSolution
		Debug|Any CPU = Debug|Any CPU
		Release|Any CPU = Release|Any CPU
	EndGlobalSection
	GlobalSection(ProjectConfigurationPlatforms) = postSolution
		{3FB8F8C3-D74E-4B32-A113-954305F0B89F}.Debug|Any CPU.ActiveCfg = Debug|Any CPU
		{3FB8F8C3-D74E-4B32-A113-954305F0B89F}.Debug|Any CPU.Build.0 = Debug|Any CPU
		{3FB8F8C3-D74E-4B32-A113-954305F0B89F}.Release|Any CPU.ActiveCfg = Release|Any CPU
		{3FB8F8C3-D74E-4B32-A113-954305F0B89F}.Release|Any CPU.Build.0 = Release|Any CPU
	EndGlobalSection
	GlobalSection(SolutionProperties) = preSolution
		HideSolutionNode = FALSE
	EndGlobalSection
	GlobalSection(ExtensibilityGlobals) = postSolution
		SolutionGuid = {780A5589-B104-4CCC-A7E0-6CD0F79B82EE}
	EndGlobalSection
EndGlobal
